
Microsoft Visual Studio Solution File, Format Version 12.00
Project("{2150E333-8FDC-42A3-9474-1A3956D46DE8}") = "5. Shared", "5. Shared", "{D106EC42-15EE-455F-82B2-0DAF39A4DA0B}"
EndProject
Project("{2150E333-8FDC-42A3-9474-1A3956D46DE8}") = "1. Ent Business Rules", "1. Ent Business Rules", "{706C5509-D02B-406E-B586-11FA05AE1F55}"
EndProject
Project("{2150E333-8FDC-42A3-9474-1A3956D46DE8}") = "2. App Business Rules", "2. App Business Rules", "{9EB6F6D3-422B-411D-AB05-47295F9ED0E1}"
EndProject
Project("{2150E333-8FDC-42A3-9474-1A3956D46DE8}") = "3. Interface Adapters", "3. Interface Adapters", "{E3DBB23D-3589-484A-B485-721168925142}"
EndProject
Project("{2150E333-8FDC-42A3-9474-1A3956D46DE8}") = "4. Frameworks and Drivers", "4. Frameworks and Drivers", "{3D573A74-3F14-4C42-9CDA-B3C3A7CBF373}"
EndProject
Project("{FAE04EC0-301F-11D3-BF4B-00C04F79EFBC}") = "Patterns", "Patterns\Patterns.csproj", "{64715682-83AB-4501-812F-DEEB6ECEB3CD}"
EndProject
Project("{FAE04EC0-301F-11D3-BF4B-00C04F79EFBC}") = "Entities", "Entities\Entities.csproj", "{CA4CA029-24FC-4218-8FB8-5CC414492FD1}"
EndProject
Project("{FAE04EC0-301F-11D3-BF4B-00C04F79EFBC}") = "Interactors", "Interactors\Interactors.csproj", "{482C69F2-2DB4-4CB7-807A-87A9939F55B7}"
EndProject
Project("{FAE04EC0-301F-11D3-BF4B-00C04F79EFBC}") = "DTO", "DTO\DTO.csproj", "{E303A381-EAE5-47DD-A00E-0F3A85C0C05D}"
EndProject
Project("{FAE04EC0-301F-11D3-BF4B-00C04F79EFBC}") = "Ports", "Ports\Ports.csproj", "{CD5123FF-3F8B-4E5A-8B41-7C32C41CEED9}"
EndProject
Project("{2150E333-8FDC-42A3-9474-1A3956D46DE8}") = "Controllers", "Controllers", "{BC5B3502-5BB5-4182-B55F-260C867EC7DB}"
EndProject
Project("{2150E333-8FDC-42A3-9474-1A3956D46DE8}") = "Gateways", "Gateways", "{C046ACCB-4317-4D0C-BE11-19ADC0F97B3D}"
EndProject
Project("{2150E333-8FDC-42A3-9474-1A3956D46DE8}") = "Presenters", "Presenters", "{7557EB18-925B-47B7-8CD0-244A3AF8F74D}"
EndProject
Project("{FAE04EC0-301F-11D3-BF4B-00C04F79EFBC}") = "IoC", "IoC\IoC.csproj", "{F2E7C790-C02F-4DDE-98B5-98375463F51E}"
EndProject
Project("{FAE04EC0-301F-11D3-BF4B-00C04F79EFBC}") = "EFC", "EFC\EFC.csproj", "{972803E4-6991-4D4B-AEE4-E8009C3897D9}"
EndProject
Project("{FAE04EC0-301F-11D3-BF4B-00C04F79EFBC}") = "Controllers", "Controllers\Controllers.csproj", "{08BDE0C7-F226-4F90-B322-CB2AD353BE48}"
EndProject
Project("{FAE04EC0-301F-11D3-BF4B-00C04F79EFBC}") = "Presenters", "Presenters\Presenters.csproj", "{73934AC8-24F3-4FA7-BEA8-C5B3FA950873}"
EndProject
Project("{FAE04EC0-301F-11D3-BF4B-00C04F79EFBC}") = "API", "API\API.csproj", "{64DA8D37-B074-4FB9-9F84-FA73F55BA7C6}"
EndProject
Global
	GlobalSection(SolutionConfigurationPlatforms) = preSolution
		Debug|Any CPU = Debug|Any CPU
		Release|Any CPU = Release|Any CPU
	EndGlobalSection
	GlobalSection(ProjectConfigurationPlatforms) = postSolution
		{64715682-83AB-4501-812F-DEEB6ECEB3CD}.Debug|Any CPU.ActiveCfg = Debug|Any CPU
		{64715682-83AB-4501-812F-DEEB6ECEB3CD}.Debug|Any CPU.Build.0 = Debug|Any CPU
		{64715682-83AB-4501-812F-DEEB6ECEB3CD}.Release|Any CPU.ActiveCfg = Release|Any CPU
		{64715682-83AB-4501-812F-DEEB6ECEB3CD}.Release|Any CPU.Build.0 = Release|Any CPU
		{CA4CA029-24FC-4218-8FB8-5CC414492FD1}.Debug|Any CPU.ActiveCfg = Debug|Any CPU
		{CA4CA029-24FC-4218-8FB8-5CC414492FD1}.Debug|Any CPU.Build.0 = Debug|Any CPU
		{CA4CA029-24FC-4218-8FB8-5CC414492FD1}.Release|Any CPU.ActiveCfg = Release|Any CPU
		{CA4CA029-24FC-4218-8FB8-5CC414492FD1}.Release|Any CPU.Build.0 = Release|Any CPU
		{482C69F2-2DB4-4CB7-807A-87A9939F55B7}.Debug|Any CPU.ActiveCfg = Debug|Any CPU
		{482C69F2-2DB4-4CB7-807A-87A9939F55B7}.Debug|Any CPU.Build.0 = Debug|Any CPU
		{482C69F2-2DB4-4CB7-807A-87A9939F55B7}.Release|Any CPU.ActiveCfg = Release|Any CPU
		{482C69F2-2DB4-4CB7-807A-87A9939F55B7}.Release|Any CPU.Build.0 = Release|Any CPU
		{E303A381-EAE5-47DD-A00E-0F3A85C0C05D}.Debug|Any CPU.ActiveCfg = Debug|Any CPU
		{E303A381-EAE5-47DD-A00E-0F3A85C0C05D}.Debug|Any CPU.Build.0 = Debug|Any CPU
		{E303A381-EAE5-47DD-A00E-0F3A85C0C05D}.Release|Any CPU.ActiveCfg = Release|Any CPU
		{E303A381-EAE5-47DD-A00E-0F3A85C0C05D}.Release|Any CPU.Build.0 = Release|Any CPU
		{CD5123FF-3F8B-4E5A-8B41-7C32C41CEED9}.Debug|Any CPU.ActiveCfg = Debug|Any CPU
		{CD5123FF-3F8B-4E5A-8B41-7C32C41CEED9}.Debug|Any CPU.Build.0 = Debug|Any CPU
		{CD5123FF-3F8B-4E5A-8B41-7C32C41CEED9}.Release|Any CPU.ActiveCfg = Release|Any CPU
		{CD5123FF-3F8B-4E5A-8B41-7C32C41CEED9}.Release|Any CPU.Build.0 = Release|Any CPU
		{F2E7C790-C02F-4DDE-98B5-98375463F51E}.Debug|Any CPU.ActiveCfg = Debug|Any CPU
		{F2E7C790-C02F-4DDE-98B5-98375463F51E}.Debug|Any CPU.Build.0 = Debug|Any CPU
		{F2E7C790-C02F-4DDE-98B5-98375463F51E}.Release|Any CPU.ActiveCfg = Release|Any CPU
		{F2E7C790-C02F-4DDE-98B5-98375463F51E}.Release|Any CPU.Build.0 = Release|Any CPU
		{972803E4-6991-4D4B-AEE4-E8009C3897D9}.Debug|Any CPU.ActiveCfg = Debug|Any CPU
		{972803E4-6991-4D4B-AEE4-E8009C3897D9}.Debug|Any CPU.Build.0 = Debug|Any CPU
		{972803E4-6991-4D4B-AEE4-E8009C3897D9}.Release|Any CPU.ActiveCfg = Release|Any CPU
		{972803E4-6991-4D4B-AEE4-E8009C3897D9}.Release|Any CPU.Build.0 = Release|Any CPU
		{08BDE0C7-F226-4F90-B322-CB2AD353BE48}.Debug|Any CPU.ActiveCfg = Debug|Any CPU
		{08BDE0C7-F226-4F90-B322-CB2AD353BE48}.Debug|Any CPU.Build.0 = Debug|Any CPU
		{08BDE0C7-F226-4F90-B322-CB2AD353BE48}.Release|Any CPU.ActiveCfg = Release|Any CPU
		{08BDE0C7-F226-4F90-B322-CB2AD353BE48}.Release|Any CPU.Build.0 = Release|Any CPU
		{73934AC8-24F3-4FA7-BEA8-C5B3FA950873}.Debug|Any CPU.ActiveCfg = Debug|Any CPU
		{73934AC8-24F3-4FA7-BEA8-C5B3FA950873}.Debug|Any CPU.Build.0 = Debug|Any CPU
		{73934AC8-24F3-4FA7-BEA8-C5B3FA950873}.Release|Any CPU.ActiveCfg = Release|Any CPU
		{73934AC8-24F3-4FA7-BEA8-C5B3FA950873}.Release|Any CPU.Build.0 = Release|Any CPU
		{64DA8D37-B074-4FB9-9F84-FA73F55BA7C6}.Debug|Any CPU.ActiveCfg = Debug|Any CPU
		{64DA8D37-B074-4FB9-9F84-FA73F55BA7C6}.Debug|Any CPU.Build.0 = Debug|Any CPU
		{64DA8D37-B074-4FB9-9F84-FA73F55BA7C6}.Release|Any CPU.ActiveCfg = Release|Any CPU
		{64DA8D37-B074-4FB9-9F84-FA73F55BA7C6}.Release|Any CPU.Build.0 = Release|Any CPU
	EndGlobalSection
	GlobalSection(NestedProjects) = preSolution
		{64715682-83AB-4501-812F-DEEB6ECEB3CD} = {D106EC42-15EE-455F-82B2-0DAF39A4DA0B}
		{CA4CA029-24FC-4218-8FB8-5CC414492FD1} = {706C5509-D02B-406E-B586-11FA05AE1F55}
		{482C69F2-2DB4-4CB7-807A-87A9939F55B7} = {706C5509-D02B-406E-B586-11FA05AE1F55}
		{E303A381-EAE5-47DD-A00E-0F3A85C0C05D} = {9EB6F6D3-422B-411D-AB05-47295F9ED0E1}
		{CD5123FF-3F8B-4E5A-8B41-7C32C41CEED9} = {9EB6F6D3-422B-411D-AB05-47295F9ED0E1}
		{BC5B3502-5BB5-4182-B55F-260C867EC7DB} = {E3DBB23D-3589-484A-B485-721168925142}
		{C046ACCB-4317-4D0C-BE11-19ADC0F97B3D} = {E3DBB23D-3589-484A-B485-721168925142}
		{7557EB18-925B-47B7-8CD0-244A3AF8F74D} = {E3DBB23D-3589-484A-B485-721168925142}
		{F2E7C790-C02F-4DDE-98B5-98375463F51E} = {C046ACCB-4317-4D0C-BE11-19ADC0F97B3D}
		{972803E4-6991-4D4B-AEE4-E8009C3897D9} = {C046ACCB-4317-4D0C-BE11-19ADC0F97B3D}
		{08BDE0C7-F226-4F90-B322-CB2AD353BE48} = {BC5B3502-5BB5-4182-B55F-260C867EC7DB}
		{73934AC8-24F3-4FA7-BEA8-C5B3FA950873} = {7557EB18-925B-47B7-8CD0-244A3AF8F74D}
		{64DA8D37-B074-4FB9-9F84-FA73F55BA7C6} = {3D573A74-3F14-4C42-9CDA-B3C3A7CBF373}
	EndGlobalSection
EndGlobal
